
Microsoft Visual Studio Solution File, Format Version 12.00
# Visual Studio Version 16
VisualStudioVersion = 16.0.30406.217
MinimumVisualStudioVersion = 10.0.40219.1
Project("{9A19103F-16F7-4668-BE54-9A1E7A4F7556}") = "Model", "Model\Model.csproj", "{DAE74C88-CC17-4EDE-A253-929F3CF6736A}"
EndProject
Project("{9A19103F-16F7-4668-BE54-9A1E7A4F7556}") = "Server", "Server\Server.csproj", "{C620EA8E-39D3-4B55-AF68-5505D17D7522}"
EndProject
Global
	GlobalSection(SolutionConfigurationPlatforms) = preSolution
		Debug|Any CPU = Debug|Any CPU
		Release|Any CPU = Release|Any CPU
	EndGlobalSection
	GlobalSection(ProjectConfigurationPlatforms) = postSolution
		{DAE74C88-CC17-4EDE-A253-929F3CF6736A}.Debug|Any CPU.ActiveCfg = Debug|Any CPU
		{DAE74C88-CC17-4EDE-A253-929F3CF6736A}.Debug|Any CPU.Build.0 = Debug|Any CPU
		{DAE74C88-CC17-4EDE-A253-929F3CF6736A}.Release|Any CPU.ActiveCfg = Release|Any CPU
		{DAE74C88-CC17-4EDE-A253-929F3CF6736A}.Release|Any CPU.Build.0 = Release|Any CPU
		{C620EA8E-39D3-4B55-AF68-5505D17D7522}.Debug|Any CPU.ActiveCfg = Debug|Any CPU
		{C620EA8E-39D3-4B55-AF68-5505D17D7522}.Debug|Any CPU.Build.0 = Debug|Any CPU
		{C620EA8E-39D3-4B55-AF68-5505D17D7522}.Release|Any CPU.ActiveCfg = Release|Any CPU
		{C620EA8E-39D3-4B55-AF68-5505D17D7522}.Release|Any CPU.Build.0 = Release|Any CPU
	EndGlobalSection
	GlobalSection(SolutionProperties) = preSolution
		HideSolutionNode = FALSE
	EndGlobalSection
	GlobalSection(ExtensibilityGlobals) = postSolution
		SolutionGuid = {C6DF356C-292F-4A47-983F-DCAC722B70BA}
	EndGlobalSection
EndGlobal
